{
  "requires": true,
  "lockfileVersion": 1,
  "dependencies": {
    "@bencrowder/scriptures-json": {
      "version": "1.0.1",
      "resolved": "https://registry.npmjs.org/@bencrowder/scriptures-json/-/scriptures-json-1.0.1.tgz",
      "integrity": "sha512-DNeFcQWzRy/ev51wskzraDb9IuNVwab9ZJIH3Mzc7QwWH+AavfgX3bjpkLF12GZMb815SmeEFE76hsbwhHqSoQ=="
    }
  }
}
